
Microsoft Visual Studio Solution File, Format Version 12.00
# Visual Studio 15
VisualStudioVersion = 15.0.26228.13
MinimumVisualStudioVersion = 10.0.40219.1
Project("{151D2E53-A2C4-4D7D-83FE-D05416EBD58E}") = "AzureLogicApp", "AzureLogicApp\AzureLogicApp.deployproj", "{B08E439F-9A9E-47BA-9BC5-C3A596FCD751}"
EndProject
Global
	GlobalSection(SolutionConfigurationPlatforms) = preSolution
		Debug|Any CPU = Debug|Any CPU
		Release|Any CPU = Release|Any CPU
	EndGlobalSection
	GlobalSection(ProjectConfigurationPlatforms) = postSolution
		{B08E439F-9A9E-47BA-9BC5-C3A596FCD751}.Debug|Any CPU.ActiveCfg = Debug|Any CPU
		{B08E439F-9A9E-47BA-9BC5-C3A596FCD751}.Debug|Any CPU.Build.0 = Debug|Any CPU
		{B08E439F-9A9E-47BA-9BC5-C3A596FCD751}.Release|Any CPU.ActiveCfg = Release|Any CPU
		{B08E439F-9A9E-47BA-9BC5-C3A596FCD751}.Release|Any CPU.Build.0 = Release|Any CPU
	EndGlobalSection
	GlobalSection(SolutionProperties) = preSolution
		HideSolutionNode = FALSE
	EndGlobalSection
EndGlobal
