
Microsoft Visual Studio Solution File, Format Version 12.00
# Visual Studio 15
VisualStudioVersion = 15.0.26228.13
MinimumVisualStudioVersion = 10.0.40219.1
Project("{151D2E53-A2C4-4D7D-83FE-D05416EBD58E}") = "AzureResourceGroup1", "AzureResourceGroup1\AzureResourceGroup1.deployproj", "{99710E4D-8A8A-4F67-A8B6-16724CB74CDC}"
EndProject
Global
	GlobalSection(SolutionConfigurationPlatforms) = preSolution
		Debug|Any CPU = Debug|Any CPU
		Release|Any CPU = Release|Any CPU
	EndGlobalSection
	GlobalSection(ProjectConfigurationPlatforms) = postSolution
		{99710E4D-8A8A-4F67-A8B6-16724CB74CDC}.Debug|Any CPU.ActiveCfg = Debug|Any CPU
		{99710E4D-8A8A-4F67-A8B6-16724CB74CDC}.Debug|Any CPU.Build.0 = Debug|Any CPU
		{99710E4D-8A8A-4F67-A8B6-16724CB74CDC}.Release|Any CPU.ActiveCfg = Release|Any CPU
		{99710E4D-8A8A-4F67-A8B6-16724CB74CDC}.Release|Any CPU.Build.0 = Release|Any CPU
	EndGlobalSection
	GlobalSection(SolutionProperties) = preSolution
		HideSolutionNode = FALSE
	EndGlobalSection
EndGlobal
